<?xml version="1.0" encoding="utf-8"?>
<Project ToolsVersion="4.0" xmlns="http://schemas.microsoft.com/developer/msbuild/2003">
  <ItemGroup>
    <ClCompile Include="MyPaintLab.cpp" />
  </ItemGroup>
  <ItemGroup>
    <ClInclude Include="BoxFigure.h" />
    <ClInclude Include="CCircle.h" />
    <ClInclude Include="CEllipse.h" />
    <ClInclude Include="CGroup.h" />
    <ClInclude Include="CRectangle.h" />
    <ClInclude Include="CSection.h" />
    <ClInclude Include="CTriangle.h" />
    <ClInclude Include="MyContainer.h" />
    <ClInclude Include="MyPaintLab.h" />
    <ClInclude Include="PaintFigureBase.h" />
    <ClInclude Include="PaintHandler.h" />
    <ClInclude Include="Factory.h" />
    <ClInclude Include="AbstractFactory.h" />
  </ItemGroup>
  <ItemGroup>
    <Xsd Include="XMLSchema.xsd" />
  </ItemGroup>
  <ItemGroup>
    <EmbeddedResource Include="MyPaintLab.resx" />
  </ItemGroup>
  <ItemGroup>
    <None Include="ClassDiagram.cd" />
  </ItemGroup>
</Project>